
Microsoft Visual Studio Solution File, Format Version 12.00
# Visual Studio Version 16
VisualStudioVersion = 16.0.32228.343
MinimumVisualStudioVersion = 10.0.40219.1
Project("{FAE04EC0-301F-11D3-BF4B-00C04F79EFBC}") = "Vanysh", "Vanysh.csproj", "{73D85FBD-4E9E-4648-8F3D-FE48B007D114}"
EndProject
Global
	GlobalSection(SolutionConfigurationPlatforms) = preSolution
		Debug|Any CPU = Debug|Any CPU
		Release|Any CPU = Release|Any CPU
	EndGlobalSection
	GlobalSection(ProjectConfigurationPlatforms) = postSolution
		{73D85FBD-4E9E-4648-8F3D-FE48B007D114}.Debug|Any CPU.ActiveCfg = Debug|Any CPU
		{73D85FBD-4E9E-4648-8F3D-FE48B007D114}.Debug|Any CPU.Build.0 = Debug|Any CPU
		{73D85FBD-4E9E-4648-8F3D-FE48B007D114}.Release|Any CPU.ActiveCfg = Release|Any CPU
		{73D85FBD-4E9E-4648-8F3D-FE48B007D114}.Release|Any CPU.Build.0 = Release|Any CPU
	EndGlobalSection
	GlobalSection(SolutionProperties) = preSolution
		HideSolutionNode = FALSE
	EndGlobalSection
	GlobalSection(ExtensibilityGlobals) = postSolution
		SolutionGuid = {070EAD64-2B2C-4DD0-A150-15B2CAFF0189}
	EndGlobalSection
EndGlobal
